{
  "name": "jeevag-portfolio",
  "version": "1.0.0",
  "lockfileVersion": 3,
  "requires": true,
  "packages": {
    "": {
      "name": "jeevag-portfolio",
      "version": "1.0.0",
      "license": "MIT",
      "dependencies": {
        "three": "^0.160.0"
      },
      "devDependencies": {
        "autoprefixer": "^10.4.16",
        "concurrently": "^8.2.1",
        "live-server": "^1.2.2",
        "postcss": "^8.4.31",
        "tailwindcss": "^3.3.3"
      }
    },
    "node_modules/@jridgewell/resolve-uri": {
      "version": "3.1.1",
      "resolved": "https://registry.npmjs.org/@jridgewell/resolve-uri/-/resolve-uri-3.1.1.tgz",
      "integrity": "sha512-dSYZh7HhCDtCKd4V1dCxrBgmKPZ64Pxla/o4jIyPh0cF8Z1eC+Q2WQ0i6MA1N7G7CbL7FbzYx0btJk1w60WKgQ==",
      "engines": {
        "node": ">=6.0.0"
      }
    },
    "node_modules/@jridgewell/sourcemap-codec": {
      "version": "1.4.15",
      "resolved": "https://registry.npmjs.org/@jridgewell/sourcemap-codec/-/sourcemap-codec-1.4.15.tgz",
      "integrity": "sha512-eF2rxCRulEKXHTRiDrDy6erMYWqNw4LPdQ8UQA4huuxaQsVeRPFl2oM8oDGxMFhJUWZf9McpLtJasDDZb/Bpeg=="
    },
    "node_modules/@jridgewell/trace-mapping": {
      "version": "0.3.20",
      "resolved": "https://registry.npmjs.org/@jridgewell/trace-mapping/-/trace-mapping-0.3.20.tgz",
      "integrity": "sha512-R8LcPeWZol2zR8mmH3JeKQ6QRCFb7XgUhV9ZlZHLaaA8RElZ7GajQn8scry0EtadPS8mQudqR+TyJd2kZWND7A==",
      "dependencies": {
        "@jridgewell/resolve-uri": "^3.1.0",
        "@jridgewell/sourcemap-codec": "^1.4.14"
      }
    },
    "node_modules/@nodelib/fs.scandir": {
      "version": "2.1.5",
      "resolved": "https://registry.npmjs.org/@nodelib/fs.scandir/-/fs.scandir-2.1.5.tgz",
      "integrity": "sha512-vq24Bq3ym5HEQm2NKCr3yXDwjc7vTsEThRDnkp2DK9p1uqLR+DHurm/NOTo0KG7HYHU7eppKZj3MyqYuMBf62g==",
      "dependencies": {
        "@nodelib/fs.stat": "2.0.5",
        "run-parallel": "^1.1.9"
      },
      "engines": {
        "node": ">= 8"
      }
    },
    "node_modules/@nodelib/fs.stat": {
      "version": "2.0.5",
      "resolved": "https://registry.npmjs.org/@nodelib/fs.stat/-/fs.stat-2.0.5.tgz",
      "integrity": "sha512-RkhPPp2zrqDAQA/2jNhnztcPAlv64XdhIp7a7454A5ovI7Bukxgt7MX7udwAu3zg1DcpPU0rz3VV1SeaqvY4+A==",
      "engines": {
        "node": ">= 8"
      }
    },
    "node_modules/@nodelib/fs.walk": {
      "version": "1.2.8",
      "resolved": "https://registry.npmjs.org/@nodelib/fs.walk/-/fs.walk-1.2.8.tgz",
      "integrity": "sha512-oGB+UxlgWcgQkgwo8GcEGwemoTFt3FIO9ababBmaGwXIoBKZ+GTy0pP185beGg7Llih/NSHSV2XAs1lnznocSg==",
      "dependencies": {
        "@nodelib/fs.scandir": "2.1.5",
        "fastq": "^1.6.0"
      },
      "engines": {
        "node": ">= 8"
      }
    },
    "node_modules/autoprefixer": {
      "version": "10.4.16",
      "resolved": "https://registry.npmjs.org/autoprefixer/-/autoprefixer-10.4.16.tgz",
      "integrity": "sha512-7V4O7t8bG7wLfQqnj0F7YYbEE1X0jVMT7Jtq7+QeTq5CSIVZk0mC7dkw8NfxTe2JGPYf4v0F5uQdS0yG+6rVdCg==",
      "bin": {
        "autoprefixer": "bin/autoprefixer"
      },
      "engines": {
        "node": "^10 || ^12 || >=14"
      },
      "funding": {
        "type": "tidelift",
        "url": "https://tidelift.com/funding/github/npm/autoprefixer"
      },
      "peerDependencies": {
        "postcss": "^8.1.0"
      }
    },
    "node_modules/browser-sync": {
      "version": "2.29.3",
      "resolved": "https://registry.npmjs.org/browser-sync/-/browser-sync-2.29.3.tgz",
      "integrity": "sha512-7nB5qbQZEWRp2V0wVLGI1H3iQzQ0kivy7d+ep+2xWx0rJ7PIBkXz0L7JebD7dPZxUJw+a/4Z5dIFk0vGJZdUNQw==",
      "dev": true,
      "dependencies": {
        "async": "^3.2.4",
        "browser-sync-client": "^2.29.3",
        "browser-sync-ui": "^2.29.3",
        "chokidar": "^3.5.3",
        "connect": "^3.7.0",
        "connect-history-api-fallback": "^2.0.0",
        "debug": "^4.3.4",
        "eazy-logger": "^3.1.0",
        "engine.io": "^6.4.2",
        "execa": "^5.1.1",
        "fast-glob": "^3.2.12",
        "fs-extra": "^10.1.0",
        "http-proxy": "^1.18.1",
        "immutable": "^4.3.0",
        "local-ip": "^2.0.0",
        "lodash": "^4.17.21",
        "micromatch": "^4.0.5",
        "mime": "^3.0.0",
        "minimist": "^1.2.8",
        "open": "^8.4.0",
        "portscanner": "^2.2.0",
        "resp-modifier": "^6.0.2",
        "rxjs": "^7.8.0",
        "serve-index": "^1.9.1",
        "serve-static": "^1.15.0",
        "socket.io": "^4.6.1",
        "sprintf-js": "^1.1.2",
        "tmp": "0.2.1",
        "ua-parser-js": "^1.0.35",
        "url": "^0.11.0",
        "which": "^2.0.2"
      },
      "bin": {
        "browser-sync": "bin/browser-sync.js"
      },
      "engines": {
        "node": ">=14.0.0"
      },
      "optionalDependencies": {
        "fsevents": "^2.3.2"
      }
    },
    "node_modules/browser-sync-client": {
      "version": "2.29.3",
      "resolved": "https://registry.npmjs.org/browser-sync-client/-/browser-sync-client-2.29.3.tgz",
      "integrity": "sha512-+tXq2JkCzH1qFZkD1qyQ6J+ce5LdFhGp1R1+ZbDq+J4YI4Mqo0pS+o4Qyf+Qx3p0tS0tJc9l6JX7Xw4y5L0z3r5w==",
      "dev": true,
      "dependencies": {
        "etag": "^1.8.1",
        "fresh": "^0.5.2",
        "mitt": "^3.0.0",
        "rxjs": "^7.8.0",
        "socket.io-client": "^4.6.1",
        "strip-ansi": "^6.0.1"
      }
    },
    "node_modules/browser-sync-ui": {
      "version": "2.29.3",
      "resolved": "https://registry.npmjs.org/browser-sync-ui/-/browser-sync-ui-2.29.3.tgz",
      "integrity": "sha512-tOQd3mP2v9Xq0G5t1Hj5sVc7Yr4LQ6r0zG5UY7vxU+5vx1F6L5v5+5F5v5f5F5F5F5F5F5F5F5F5F5F5F5F5F5F5F5==",
      "dev": true,
      "dependencies": {
        "async": "^3.2.4",
        "fs-extra": "^10.1.0",
        "immutable": "^4.3.0",
        "lodash": "^4.17.21",
        "socket.io": "^4.6.1"
      }
    },
    "node_modules/chokidar": {
      "version": "3.5.3",
      "resolved": "https://registry.npmjs.org/chokidar/-/chokidar-3.5.3.tgz",
      "integrity": "sha512-Dr3sfKRP6oTcjf2JmUmFJfeVMvXBdegxB0iVQ5eb2V10uFJUCAS8OByZdVAyVb8xXNz3GjjTgj9kLWsZTqE6kw==",
      "funding": [
        {
          "type": "individual",
          "url": "https://paulmillr.com/funding/"
        }
      ],
      "dependencies": {
        "anymatch": "~3.1.2",
        "braces": "~3.0.2",
        "glob-parent": "~5.1.2",
        "is-binary-path": "~2.1.0",
        "is-glob": "~4.0.1",
        "normalize-path": "~3.0.0",
        "readdirp": "~3.6.0"
      },
      "engines": {
        "node": ">= 8.10.0"
      },
      "optionalDependencies": {
        "fsevents": "~2.3.2"
      }
    },
    "node_modules/concurrently": {
      "version": "8.2.1",
      "resolved": "https://registry.npmjs.org/concurrently/-/concurrently-8.2.1.tgz",
      "integrity": "sha512-9H4t8qLZ0NWVgKkx4K6YdYQQGlCKXfUw5O5+WPbv+2VqM76jWZQ8q5gJ5Q0OV1Y+XuDl9kA8n9Z7MH60J8l/eA==",
      "dependencies": {
        "chalk": "^4.1.2",
        "date-fns": "^2.29.3",
        "lodash": "^4.17.21",
        "read-pkg": "^8.0.0",
        "rxjs": "^7.5.7",
        "spawn-command": "^0.0.2-1",
        "supports-color": "^9.2.1",
        "tree-kill": "^1.2.2",
        "yargs": "^17.7.1"
      },
      "bin": {
        "concurrently": "bin/concurrently.js"
      },
      "engines": {
        "node": ">=14.7.0"
      }
    },
    "node_modules/fast-glob": {
      "version": "3.3.1",
      "resolved": "https://registry.npmjs.org/fast-glob/-/fast-glob-3.3.1.tgz",
      "integrity": "sha512-kNFPyjhh5cKjrUltxsAYFxVfqVGr9vpZfJoji+s3Nt+5TtGInJ3w7AHinXgYb1xH8oKdAgSnOyLm76c5Z8B8Ig==",
      "dependencies": {
        "@nodelib/fs.stat": "^2.0.2",
        "@nodelib/fs.walk": "^1.2.3",
        "glob-parent": "^5.1.2",
        "merge2": "^1.3.0",
        "micromatch": "^4.0.4"
      },
      "engines": {
        "node": ">=8.6.0"
      }
    },
    "node_modules/live-server": {
      "version": "1.2.2",
      "resolved": "https://registry.npmjs.org/live-server/-/live-server-1.2.2.tgz",
      "integrity": "sha512-0UQ33QYyVeSCzzgCxPp4Xp0gG6SIGcN2oO7s7h8s+uuFvX7vYF+izQN6HAb1sXfPEVdZ6G4KbqY9j5mTdKxXgUA==",
      "dependencies": {
        "browser-sync": "^2.29.3",
        "connect-history-api-fallback": "^2.0.0",
        "opener": "^1.5.2",
        "portfinder": "^1.0.32",
        "yargs": "^17.7.1"
      },
      "bin": {
        "live-server": "bin/live-server.js"
      }
    },
    "node_modules/postcss": {
      "version": "8.4.31",
      "resolved": "https://registry.npmjs.org/postcss/-/postcss-8.4.31.tgz",
      "integrity": "sha512-PS08Iboia9mts/2ygV3eLpY5ghnUcfLV/EXTOW1E2qYxJKGGBUtNjN76FYHnMs36RmARn41bC0AZmn+rR0OVpQ==",
      "dependencies": {
        "nanoid": "^3.3.6",
        "picocolors": "^1.0.0",
        "source-map-js": "^1.0.2"
      },
      "engines": {
        "node": "^10 || ^12 || >=14"
      },
      "funding": {
        "type": "opencollective",
        "url": "https://opencollective.com/postcss/"
      }
    },
    "node_modules/tailwindcss": {
      "version": "3.3.3",
      "resolved": "https://registry.npmjs.org/tailwindcss/-/tailwindcss-3.3.3.tgz",
      "integrity": "sha512-8k4sk7sSdGkflA3KzGpB3B0qgGkXQm+ZcR+JC2KtXawXQ2M6R6sA7vXeLvQvxV+6+8wSqYyCqL4JgKvR0RaLs2w==",
      "dependencies": {
        "@alloc/quick-lru": "^5.2.0",
        "arg": "^5.0.2",
        "chokidar": "^3.5.3",
        "color-name": "^1.1.4",
        "detective": "^5.2.1",
        "didyoumean": "^1.2.2",
        "dlv": "^1.1.3",
        "fast-glob": "^3.2.12",
        "glob-parent": "^6.0.2",
        "is-glob": "^4.0.3",
        "jiti": "^1.18.2",
        "lilconfig": "^2.1.0",
        "micromatch": "^4.0.5",
        "normalize-path": "^3.0.0",
        "object-hash": "^3.0.0",
        "parse-sel": "^2.0.0",
        "picocolors": "^1.0.0",
        "postcss": "^8.4.31",
        "postcss-import": "^15.1.0",
        "postcss-js": "^4.0.1",
        "postcss-load-config": "^4.0.1",
        "postcss-nested": "^6.0.1",
        "postcss-selector-parser": "^6.0.13",
        "postcss-value-parser": "^4.2.0",
        "resolve": "^1.22.3",
        "sucrase": "^3.32.0"
      },
      "bin": {
        "tailwind": "lib/cli.js",
        "tailwindcss": "lib/cli.js"
      },
      "engines": {
        "node": ">=14.0.0"
      },
      "funding": {
        "type": "opencollective",
        "url": "https://opencollective.com/tailwindcss"
      },
      "peerDependencies": {
        "postcss": "^8.0.9"
      }
    },
    "node_modules/three": {
      "version": "0.160.0",
      "resolved": "https://registry.npmjs.org/three/-/three-0.160.0.tgz",
      "integrity": "sha512-IWobAmh8/0XkcdJQfr6k6n7mFz7HRs7lX5vYgpm6fFvXo1kfzL10+0z3ZJtwQd4flwRRtP35dUvgAcnFg09RJA=="
    }
  }
}